
Microsoft Visual Studio Solution File, Format Version 12.00
# Visual Studio Version 17
VisualStudioVersion = 17.1.32113.165
MinimumVisualStudioVersion = 10.0.40219.1
Project("{FAE04EC0-301F-11D3-BF4B-00C04F79EFBC}") = "CardGenerator", "CardGenerator\CardGenerator.csproj", "{5256D523-A372-4CA6-80BA-9DD8C6E35E4F}"
EndProject
Global
	GlobalSection(SolutionConfigurationPlatforms) = preSolution
		Debug|Any CPU = Debug|Any CPU
		Release|Any CPU = Release|Any CPU
	EndGlobalSection
	GlobalSection(ProjectConfigurationPlatforms) = postSolution
		{5256D523-A372-4CA6-80BA-9DD8C6E35E4F}.Debug|Any CPU.ActiveCfg = Debug|Any CPU
		{5256D523-A372-4CA6-80BA-9DD8C6E35E4F}.Debug|Any CPU.Build.0 = Debug|Any CPU
		{5256D523-A372-4CA6-80BA-9DD8C6E35E4F}.Release|Any CPU.ActiveCfg = Release|Any CPU
		{5256D523-A372-4CA6-80BA-9DD8C6E35E4F}.Release|Any CPU.Build.0 = Release|Any CPU
	EndGlobalSection
	GlobalSection(SolutionProperties) = preSolution
		HideSolutionNode = FALSE
	EndGlobalSection
	GlobalSection(ExtensibilityGlobals) = postSolution
		SolutionGuid = {0968ED84-4475-4C32-BAEA-102438394E09}
	EndGlobalSection
EndGlobal
